
Microsoft Visual Studio Solution File, Format Version 11.00
# Visual Studio 2010
Project("{F2A71F9B-5D33-465A-A702-920D77279786}") = "StringCalculator", "StringCalculator\StringCalculator.fsproj", "{AF74E6FB-CE6C-46E7-AC57-7FDC08CD231F}"
EndProject
Global
	GlobalSection(SolutionConfigurationPlatforms) = preSolution
		Debug|x86 = Debug|x86
		Release|x86 = Release|x86
	EndGlobalSection
	GlobalSection(ProjectConfigurationPlatforms) = postSolution
		{AF74E6FB-CE6C-46E7-AC57-7FDC08CD231F}.Debug|x86.ActiveCfg = Debug|x86
		{AF74E6FB-CE6C-46E7-AC57-7FDC08CD231F}.Debug|x86.Build.0 = Debug|x86
		{AF74E6FB-CE6C-46E7-AC57-7FDC08CD231F}.Release|x86.ActiveCfg = Release|x86
		{AF74E6FB-CE6C-46E7-AC57-7FDC08CD231F}.Release|x86.Build.0 = Release|x86
	EndGlobalSection
	GlobalSection(SolutionProperties) = preSolution
		HideSolutionNode = FALSE
	EndGlobalSection
EndGlobal
